
Microsoft Visual Studio Solution File, Format Version 12.00
# Visual Studio Version 17
VisualStudioVersion = 17.11.35312.102
MinimumVisualStudioVersion = 10.0.40219.1
Project("{FAE04EC0-301F-11D3-BF4B-00C04F79EFBC}") = "WebAPI", "WebAPI\WebAPI.csproj", "{4383D6E6-27F6-40D6-AEF4-3FE6BC37A676}"
EndProject
Project("{FAE04EC0-301F-11D3-BF4B-00C04F79EFBC}") = "Ormos_Beatrice_Lab11", "Ormos_Beatrice_Lab11\Ormos_Beatrice_Lab11.csproj", "{BA25473A-75BD-45A1-8137-3188F0F9AB25}"
EndProject
Global
	GlobalSection(SolutionConfigurationPlatforms) = preSolution
		Debug|Any CPU = Debug|Any CPU
		Release|Any CPU = Release|Any CPU
	EndGlobalSection
	GlobalSection(ProjectConfigurationPlatforms) = postSolution
		{4383D6E6-27F6-40D6-AEF4-3FE6BC37A676}.Debug|Any CPU.ActiveCfg = Debug|Any CPU
		{4383D6E6-27F6-40D6-AEF4-3FE6BC37A676}.Debug|Any CPU.Build.0 = Debug|Any CPU
		{4383D6E6-27F6-40D6-AEF4-3FE6BC37A676}.Release|Any CPU.ActiveCfg = Release|Any CPU
		{4383D6E6-27F6-40D6-AEF4-3FE6BC37A676}.Release|Any CPU.Build.0 = Release|Any CPU
		{BA25473A-75BD-45A1-8137-3188F0F9AB25}.Debug|Any CPU.ActiveCfg = Debug|Any CPU
		{BA25473A-75BD-45A1-8137-3188F0F9AB25}.Debug|Any CPU.Build.0 = Debug|Any CPU
		{BA25473A-75BD-45A1-8137-3188F0F9AB25}.Debug|Any CPU.Deploy.0 = Debug|Any CPU
		{BA25473A-75BD-45A1-8137-3188F0F9AB25}.Release|Any CPU.ActiveCfg = Release|Any CPU
		{BA25473A-75BD-45A1-8137-3188F0F9AB25}.Release|Any CPU.Build.0 = Release|Any CPU
		{BA25473A-75BD-45A1-8137-3188F0F9AB25}.Release|Any CPU.Deploy.0 = Release|Any CPU
	EndGlobalSection
	GlobalSection(SolutionProperties) = preSolution
		HideSolutionNode = FALSE
	EndGlobalSection
	GlobalSection(ExtensibilityGlobals) = postSolution
		SolutionGuid = {23D615E9-D4C7-445D-88C5-8F6FD572563D}
	EndGlobalSection
EndGlobal
